
Microsoft Visual Studio Solution File, Format Version 12.00
# Visual Studio Version 17
VisualStudioVersion = 17.5.33424.131
MinimumVisualStudioVersion = 10.0.40219.1
Project("{9A19103F-16F7-4668-BE54-9A1E7A4F7556}") = "exercicio 2", "Exercicio 2\exercicio 2.csproj", "{B3E5499D-C3F3-44F1-91E4-34AFE2516AAF}"
EndProject
Project("{9A19103F-16F7-4668-BE54-9A1E7A4F7556}") = "exercicio 3", "exercicio 3\exercicio 3.csproj", "{9971AD3C-C8B6-420E-B284-186296ACD300}"
EndProject
Project("{9A19103F-16F7-4668-BE54-9A1E7A4F7556}") = "exercicio 4", "exercicio 4\exercicio 4.csproj", "{965144CA-B49F-4734-A421-76D76DF98CAE}"
EndProject
Project("{2150E333-8FDC-42A3-9474-1A3956D46DE8}") = "exercicios", "exercicios", "{185F9E09-24A5-4BD7-B77E-4DBA764A694A}"
EndProject
Project("{9A19103F-16F7-4668-BE54-9A1E7A4F7556}") = "exercicio 5", "exercicio 5\exercicio 5.csproj", "{5D3C66A3-B669-4434-8618-7EE4551C96D3}"
EndProject
Project("{9A19103F-16F7-4668-BE54-9A1E7A4F7556}") = "exercicio 6", "exercicio 6\exercicio 6.csproj", "{2C28BF18-1082-4828-B5A4-47F90F820CF4}"
EndProject
Project("{9A19103F-16F7-4668-BE54-9A1E7A4F7556}") = "exercicio 7", "exercicio 7\exercicio 7.csproj", "{D34BFC00-E2CF-45FC-85A8-8FE7D1748687}"
EndProject
Project("{9A19103F-16F7-4668-BE54-9A1E7A4F7556}") = "exercicio 8", "exercicio 8\exercicio 8.csproj", "{BDBC1936-EBE5-4AA5-A8A1-37107A7BDE00}"
EndProject
Project("{9A19103F-16F7-4668-BE54-9A1E7A4F7556}") = "exercicio 9", "exercicio 9\exercicio 9.csproj", "{DD76CCC5-F378-47A0-9E5D-EB3D4727A76F}"
EndProject
Project("{9A19103F-16F7-4668-BE54-9A1E7A4F7556}") = "exercicio 11", "exercicio 11\exercicio 11.csproj", "{403A3F04-E120-48FC-9F60-3F2A5D38F612}"
EndProject
Project("{9A19103F-16F7-4668-BE54-9A1E7A4F7556}") = "exercicio 12", "exercicio 12\exercicio 12.csproj", "{FB4D2CF6-0FD4-4E3A-A229-9AB05EE4D9E0}"
EndProject
Project("{9A19103F-16F7-4668-BE54-9A1E7A4F7556}") = "exercicio 13", "exercicio 13\exercicio 13.csproj", "{7FCF0A6B-D5C8-44FA-A52C-1812DF924E2D}"
EndProject
Project("{9A19103F-16F7-4668-BE54-9A1E7A4F7556}") = "exercicio 14", "exercicio 14\exercicio 14.csproj", "{4CF529BC-845A-4BB1-8742-48960DD305A3}"
EndProject
Project("{9A19103F-16F7-4668-BE54-9A1E7A4F7556}") = "exercicio 15", "exercicio 15\exercicio 15.csproj", "{368D2320-48B1-4BBD-ACA9-4F0B8D34D065}"
EndProject
Project("{9A19103F-16F7-4668-BE54-9A1E7A4F7556}") = "exercicio 16", "exercicio 16\exercicio 16.csproj", "{938317B0-D438-48DB-9A02-5C1F4552984F}"
EndProject
Project("{9A19103F-16F7-4668-BE54-9A1E7A4F7556}") = "exercicio 18", "exercicio 18\exercicio 18.csproj", "{5903CB90-E888-4B98-8576-51DC6DE352A0}"
EndProject
Project("{9A19103F-16F7-4668-BE54-9A1E7A4F7556}") = "exercicio 19", "exercicio 19\exercicio 19.csproj", "{BF8A0E01-A23F-4199-8269-2BB2E6CBFCA5}"
EndProject
Project("{9A19103F-16F7-4668-BE54-9A1E7A4F7556}") = "exercicio 20", "exercicio 20\exercicio 20.csproj", "{2E7119A7-9960-4C95-AFA9-32480E10E936}"
EndProject
Project("{9A19103F-16F7-4668-BE54-9A1E7A4F7556}") = "exercicio 21", "exercicio 21\exercicio 21.csproj", "{18CBC305-6838-4207-AB71-BCE20C294968}"
EndProject
Project("{9A19103F-16F7-4668-BE54-9A1E7A4F7556}") = "exercicio 23", "exercicio 22\exercicio 23.csproj", "{4D84AF7A-315D-4F54-A756-468F1C6015E6}"
EndProject
Project("{9A19103F-16F7-4668-BE54-9A1E7A4F7556}") = "exercicio 24", "exercicio 24\exercicio 24.csproj", "{749340B2-F221-4D5A-96F8-A38AC1AF5222}"
EndProject
Project("{9A19103F-16F7-4668-BE54-9A1E7A4F7556}") = "exercicio 25", "exercicio 25\exercicio 25.csproj", "{D6E0F79F-FA0E-48E5-9281-5AD7CBA1C809}"
EndProject
Project("{9A19103F-16F7-4668-BE54-9A1E7A4F7556}") = "exercicio 26", "exercicio 26\exercicio 26.csproj", "{C1B4FE46-2746-441C-B5E0-F7C103FCD2CC}"
EndProject
Project("{9A19103F-16F7-4668-BE54-9A1E7A4F7556}") = "exercicio 27", "exercicio 27\exercicio 27.csproj", "{1BE2C42B-19CE-476C-AE40-08DA65EED915}"
EndProject
Project("{9A19103F-16F7-4668-BE54-9A1E7A4F7556}") = "exercicio 1", "exercicio1\exercicio 1.csproj", "{0A9E86CB-1F0C-4AB3-B7A5-1F797ECBD319}"
EndProject
Project("{9A19103F-16F7-4668-BE54-9A1E7A4F7556}") = "exercicio10", "exercicio 10\exercicio10.csproj", "{30FDAF0C-AC8B-4CA3-95D2-A18072901D8D}"
EndProject
Project("{9A19103F-16F7-4668-BE54-9A1E7A4F7556}") = "exercicio 28", "exercicio 28\exercicio 28.csproj", "{89816E83-348F-4428-A718-F822DC6E12C7}"
EndProject
Project("{9A19103F-16F7-4668-BE54-9A1E7A4F7556}") = "exercicio 17", "exercicio 17\exercicio 17.csproj", "{2205F434-3A3B-41DD-B6A9-9F92A6E38B70}"
EndProject
Global
	GlobalSection(SolutionConfigurationPlatforms) = preSolution
		Debug|Any CPU = Debug|Any CPU
		Release|Any CPU = Release|Any CPU
	EndGlobalSection
	GlobalSection(ProjectConfigurationPlatforms) = postSolution
		{B3E5499D-C3F3-44F1-91E4-34AFE2516AAF}.Debug|Any CPU.ActiveCfg = Debug|Any CPU
		{B3E5499D-C3F3-44F1-91E4-34AFE2516AAF}.Debug|Any CPU.Build.0 = Debug|Any CPU
		{B3E5499D-C3F3-44F1-91E4-34AFE2516AAF}.Release|Any CPU.ActiveCfg = Release|Any CPU
		{B3E5499D-C3F3-44F1-91E4-34AFE2516AAF}.Release|Any CPU.Build.0 = Release|Any CPU
		{9971AD3C-C8B6-420E-B284-186296ACD300}.Debug|Any CPU.ActiveCfg = Debug|Any CPU
		{9971AD3C-C8B6-420E-B284-186296ACD300}.Debug|Any CPU.Build.0 = Debug|Any CPU
		{9971AD3C-C8B6-420E-B284-186296ACD300}.Release|Any CPU.ActiveCfg = Release|Any CPU
		{9971AD3C-C8B6-420E-B284-186296ACD300}.Release|Any CPU.Build.0 = Release|Any CPU
		{965144CA-B49F-4734-A421-76D76DF98CAE}.Debug|Any CPU.ActiveCfg = Debug|Any CPU
		{965144CA-B49F-4734-A421-76D76DF98CAE}.Debug|Any CPU.Build.0 = Debug|Any CPU
		{965144CA-B49F-4734-A421-76D76DF98CAE}.Release|Any CPU.ActiveCfg = Release|Any CPU
		{965144CA-B49F-4734-A421-76D76DF98CAE}.Release|Any CPU.Build.0 = Release|Any CPU
		{5D3C66A3-B669-4434-8618-7EE4551C96D3}.Debug|Any CPU.ActiveCfg = Debug|Any CPU
		{5D3C66A3-B669-4434-8618-7EE4551C96D3}.Debug|Any CPU.Build.0 = Debug|Any CPU
		{5D3C66A3-B669-4434-8618-7EE4551C96D3}.Release|Any CPU.ActiveCfg = Release|Any CPU
		{5D3C66A3-B669-4434-8618-7EE4551C96D3}.Release|Any CPU.Build.0 = Release|Any CPU
		{2C28BF18-1082-4828-B5A4-47F90F820CF4}.Debug|Any CPU.ActiveCfg = Debug|Any CPU
		{2C28BF18-1082-4828-B5A4-47F90F820CF4}.Debug|Any CPU.Build.0 = Debug|Any CPU
		{2C28BF18-1082-4828-B5A4-47F90F820CF4}.Release|Any CPU.ActiveCfg = Release|Any CPU
		{2C28BF18-1082-4828-B5A4-47F90F820CF4}.Release|Any CPU.Build.0 = Release|Any CPU
		{D34BFC00-E2CF-45FC-85A8-8FE7D1748687}.Debug|Any CPU.ActiveCfg = Debug|Any CPU
		{D34BFC00-E2CF-45FC-85A8-8FE7D1748687}.Debug|Any CPU.Build.0 = Debug|Any CPU
		{D34BFC00-E2CF-45FC-85A8-8FE7D1748687}.Release|Any CPU.ActiveCfg = Release|Any CPU
		{D34BFC00-E2CF-45FC-85A8-8FE7D1748687}.Release|Any CPU.Build.0 = Release|Any CPU
		{BDBC1936-EBE5-4AA5-A8A1-37107A7BDE00}.Debug|Any CPU.ActiveCfg = Debug|Any CPU
		{BDBC1936-EBE5-4AA5-A8A1-37107A7BDE00}.Debug|Any CPU.Build.0 = Debug|Any CPU
		{BDBC1936-EBE5-4AA5-A8A1-37107A7BDE00}.Release|Any CPU.ActiveCfg = Release|Any CPU
		{BDBC1936-EBE5-4AA5-A8A1-37107A7BDE00}.Release|Any CPU.Build.0 = Release|Any CPU
		{DD76CCC5-F378-47A0-9E5D-EB3D4727A76F}.Debug|Any CPU.ActiveCfg = Debug|Any CPU
		{DD76CCC5-F378-47A0-9E5D-EB3D4727A76F}.Debug|Any CPU.Build.0 = Debug|Any CPU
		{DD76CCC5-F378-47A0-9E5D-EB3D4727A76F}.Release|Any CPU.ActiveCfg = Release|Any CPU
		{DD76CCC5-F378-47A0-9E5D-EB3D4727A76F}.Release|Any CPU.Build.0 = Release|Any CPU
		{403A3F04-E120-48FC-9F60-3F2A5D38F612}.Debug|Any CPU.ActiveCfg = Debug|Any CPU
		{403A3F04-E120-48FC-9F60-3F2A5D38F612}.Debug|Any CPU.Build.0 = Debug|Any CPU
		{403A3F04-E120-48FC-9F60-3F2A5D38F612}.Release|Any CPU.ActiveCfg = Release|Any CPU
		{403A3F04-E120-48FC-9F60-3F2A5D38F612}.Release|Any CPU.Build.0 = Release|Any CPU
		{FB4D2CF6-0FD4-4E3A-A229-9AB05EE4D9E0}.Debug|Any CPU.ActiveCfg = Debug|Any CPU
		{FB4D2CF6-0FD4-4E3A-A229-9AB05EE4D9E0}.Debug|Any CPU.Build.0 = Debug|Any CPU
		{FB4D2CF6-0FD4-4E3A-A229-9AB05EE4D9E0}.Release|Any CPU.ActiveCfg = Release|Any CPU
		{FB4D2CF6-0FD4-4E3A-A229-9AB05EE4D9E0}.Release|Any CPU.Build.0 = Release|Any CPU
		{7FCF0A6B-D5C8-44FA-A52C-1812DF924E2D}.Debug|Any CPU.ActiveCfg = Debug|Any CPU
		{7FCF0A6B-D5C8-44FA-A52C-1812DF924E2D}.Debug|Any CPU.Build.0 = Debug|Any CPU
		{7FCF0A6B-D5C8-44FA-A52C-1812DF924E2D}.Release|Any CPU.ActiveCfg = Release|Any CPU
		{7FCF0A6B-D5C8-44FA-A52C-1812DF924E2D}.Release|Any CPU.Build.0 = Release|Any CPU
		{4CF529BC-845A-4BB1-8742-48960DD305A3}.Debug|Any CPU.ActiveCfg = Debug|Any CPU
		{4CF529BC-845A-4BB1-8742-48960DD305A3}.Debug|Any CPU.Build.0 = Debug|Any CPU
		{4CF529BC-845A-4BB1-8742-48960DD305A3}.Release|Any CPU.ActiveCfg = Release|Any CPU
		{4CF529BC-845A-4BB1-8742-48960DD305A3}.Release|Any CPU.Build.0 = Release|Any CPU
		{368D2320-48B1-4BBD-ACA9-4F0B8D34D065}.Debug|Any CPU.ActiveCfg = Debug|Any CPU
		{368D2320-48B1-4BBD-ACA9-4F0B8D34D065}.Debug|Any CPU.Build.0 = Debug|Any CPU
		{368D2320-48B1-4BBD-ACA9-4F0B8D34D065}.Release|Any CPU.ActiveCfg = Release|Any CPU
		{368D2320-48B1-4BBD-ACA9-4F0B8D34D065}.Release|Any CPU.Build.0 = Release|Any CPU
		{938317B0-D438-48DB-9A02-5C1F4552984F}.Debug|Any CPU.ActiveCfg = Debug|Any CPU
		{938317B0-D438-48DB-9A02-5C1F4552984F}.Debug|Any CPU.Build.0 = Debug|Any CPU
		{938317B0-D438-48DB-9A02-5C1F4552984F}.Release|Any CPU.ActiveCfg = Release|Any CPU
		{938317B0-D438-48DB-9A02-5C1F4552984F}.Release|Any CPU.Build.0 = Release|Any CPU
		{5903CB90-E888-4B98-8576-51DC6DE352A0}.Debug|Any CPU.ActiveCfg = Debug|Any CPU
		{5903CB90-E888-4B98-8576-51DC6DE352A0}.Debug|Any CPU.Build.0 = Debug|Any CPU
		{5903CB90-E888-4B98-8576-51DC6DE352A0}.Release|Any CPU.ActiveCfg = Release|Any CPU
		{5903CB90-E888-4B98-8576-51DC6DE352A0}.Release|Any CPU.Build.0 = Release|Any CPU
		{BF8A0E01-A23F-4199-8269-2BB2E6CBFCA5}.Debug|Any CPU.ActiveCfg = Debug|Any CPU
		{BF8A0E01-A23F-4199-8269-2BB2E6CBFCA5}.Debug|Any CPU.Build.0 = Debug|Any CPU
		{BF8A0E01-A23F-4199-8269-2BB2E6CBFCA5}.Release|Any CPU.ActiveCfg = Release|Any CPU
		{BF8A0E01-A23F-4199-8269-2BB2E6CBFCA5}.Release|Any CPU.Build.0 = Release|Any CPU
		{2E7119A7-9960-4C95-AFA9-32480E10E936}.Debug|Any CPU.ActiveCfg = Debug|Any CPU
		{2E7119A7-9960-4C95-AFA9-32480E10E936}.Debug|Any CPU.Build.0 = Debug|Any CPU
		{2E7119A7-9960-4C95-AFA9-32480E10E936}.Release|Any CPU.ActiveCfg = Release|Any CPU
		{2E7119A7-9960-4C95-AFA9-32480E10E936}.Release|Any CPU.Build.0 = Release|Any CPU
		{18CBC305-6838-4207-AB71-BCE20C294968}.Debug|Any CPU.ActiveCfg = Debug|Any CPU
		{18CBC305-6838-4207-AB71-BCE20C294968}.Debug|Any CPU.Build.0 = Debug|Any CPU
		{18CBC305-6838-4207-AB71-BCE20C294968}.Release|Any CPU.ActiveCfg = Release|Any CPU
		{18CBC305-6838-4207-AB71-BCE20C294968}.Release|Any CPU.Build.0 = Release|Any CPU
		{4D84AF7A-315D-4F54-A756-468F1C6015E6}.Debug|Any CPU.ActiveCfg = Debug|Any CPU
		{4D84AF7A-315D-4F54-A756-468F1C6015E6}.Debug|Any CPU.Build.0 = Debug|Any CPU
		{4D84AF7A-315D-4F54-A756-468F1C6015E6}.Release|Any CPU.ActiveCfg = Release|Any CPU
		{4D84AF7A-315D-4F54-A756-468F1C6015E6}.Release|Any CPU.Build.0 = Release|Any CPU
		{749340B2-F221-4D5A-96F8-A38AC1AF5222}.Debug|Any CPU.ActiveCfg = Debug|Any CPU
		{749340B2-F221-4D5A-96F8-A38AC1AF5222}.Debug|Any CPU.Build.0 = Debug|Any CPU
		{749340B2-F221-4D5A-96F8-A38AC1AF5222}.Release|Any CPU.ActiveCfg = Release|Any CPU
		{749340B2-F221-4D5A-96F8-A38AC1AF5222}.Release|Any CPU.Build.0 = Release|Any CPU
		{D6E0F79F-FA0E-48E5-9281-5AD7CBA1C809}.Debug|Any CPU.ActiveCfg = Debug|Any CPU
		{D6E0F79F-FA0E-48E5-9281-5AD7CBA1C809}.Debug|Any CPU.Build.0 = Debug|Any CPU
		{D6E0F79F-FA0E-48E5-9281-5AD7CBA1C809}.Release|Any CPU.ActiveCfg = Release|Any CPU
		{D6E0F79F-FA0E-48E5-9281-5AD7CBA1C809}.Release|Any CPU.Build.0 = Release|Any CPU
		{C1B4FE46-2746-441C-B5E0-F7C103FCD2CC}.Debug|Any CPU.ActiveCfg = Debug|Any CPU
		{C1B4FE46-2746-441C-B5E0-F7C103FCD2CC}.Debug|Any CPU.Build.0 = Debug|Any CPU
		{C1B4FE46-2746-441C-B5E0-F7C103FCD2CC}.Release|Any CPU.ActiveCfg = Release|Any CPU
		{C1B4FE46-2746-441C-B5E0-F7C103FCD2CC}.Release|Any CPU.Build.0 = Release|Any CPU
		{1BE2C42B-19CE-476C-AE40-08DA65EED915}.Debug|Any CPU.ActiveCfg = Debug|Any CPU
		{1BE2C42B-19CE-476C-AE40-08DA65EED915}.Debug|Any CPU.Build.0 = Debug|Any CPU
		{1BE2C42B-19CE-476C-AE40-08DA65EED915}.Release|Any CPU.ActiveCfg = Release|Any CPU
		{1BE2C42B-19CE-476C-AE40-08DA65EED915}.Release|Any CPU.Build.0 = Release|Any CPU
		{0A9E86CB-1F0C-4AB3-B7A5-1F797ECBD319}.Debug|Any CPU.ActiveCfg = Debug|Any CPU
		{0A9E86CB-1F0C-4AB3-B7A5-1F797ECBD319}.Debug|Any CPU.Build.0 = Debug|Any CPU
		{0A9E86CB-1F0C-4AB3-B7A5-1F797ECBD319}.Release|Any CPU.ActiveCfg = Release|Any CPU
		{0A9E86CB-1F0C-4AB3-B7A5-1F797ECBD319}.Release|Any CPU.Build.0 = Release|Any CPU
		{30FDAF0C-AC8B-4CA3-95D2-A18072901D8D}.Debug|Any CPU.ActiveCfg = Debug|Any CPU
		{30FDAF0C-AC8B-4CA3-95D2-A18072901D8D}.Debug|Any CPU.Build.0 = Debug|Any CPU
		{30FDAF0C-AC8B-4CA3-95D2-A18072901D8D}.Release|Any CPU.ActiveCfg = Release|Any CPU
		{30FDAF0C-AC8B-4CA3-95D2-A18072901D8D}.Release|Any CPU.Build.0 = Release|Any CPU
		{89816E83-348F-4428-A718-F822DC6E12C7}.Debug|Any CPU.ActiveCfg = Debug|Any CPU
		{89816E83-348F-4428-A718-F822DC6E12C7}.Debug|Any CPU.Build.0 = Debug|Any CPU
		{89816E83-348F-4428-A718-F822DC6E12C7}.Release|Any CPU.ActiveCfg = Release|Any CPU
		{89816E83-348F-4428-A718-F822DC6E12C7}.Release|Any CPU.Build.0 = Release|Any CPU
		{2205F434-3A3B-41DD-B6A9-9F92A6E38B70}.Debug|Any CPU.ActiveCfg = Debug|Any CPU
		{2205F434-3A3B-41DD-B6A9-9F92A6E38B70}.Debug|Any CPU.Build.0 = Debug|Any CPU
		{2205F434-3A3B-41DD-B6A9-9F92A6E38B70}.Release|Any CPU.ActiveCfg = Release|Any CPU
		{2205F434-3A3B-41DD-B6A9-9F92A6E38B70}.Release|Any CPU.Build.0 = Release|Any CPU
	EndGlobalSection
	GlobalSection(SolutionProperties) = preSolution
		HideSolutionNode = FALSE
	EndGlobalSection
	GlobalSection(NestedProjects) = preSolution
		{B3E5499D-C3F3-44F1-91E4-34AFE2516AAF} = {185F9E09-24A5-4BD7-B77E-4DBA764A694A}
		{9971AD3C-C8B6-420E-B284-186296ACD300} = {185F9E09-24A5-4BD7-B77E-4DBA764A694A}
		{965144CA-B49F-4734-A421-76D76DF98CAE} = {185F9E09-24A5-4BD7-B77E-4DBA764A694A}
		{5D3C66A3-B669-4434-8618-7EE4551C96D3} = {185F9E09-24A5-4BD7-B77E-4DBA764A694A}
		{2C28BF18-1082-4828-B5A4-47F90F820CF4} = {185F9E09-24A5-4BD7-B77E-4DBA764A694A}
		{D34BFC00-E2CF-45FC-85A8-8FE7D1748687} = {185F9E09-24A5-4BD7-B77E-4DBA764A694A}
		{BDBC1936-EBE5-4AA5-A8A1-37107A7BDE00} = {185F9E09-24A5-4BD7-B77E-4DBA764A694A}
		{DD76CCC5-F378-47A0-9E5D-EB3D4727A76F} = {185F9E09-24A5-4BD7-B77E-4DBA764A694A}
		{403A3F04-E120-48FC-9F60-3F2A5D38F612} = {185F9E09-24A5-4BD7-B77E-4DBA764A694A}
		{FB4D2CF6-0FD4-4E3A-A229-9AB05EE4D9E0} = {185F9E09-24A5-4BD7-B77E-4DBA764A694A}
		{7FCF0A6B-D5C8-44FA-A52C-1812DF924E2D} = {185F9E09-24A5-4BD7-B77E-4DBA764A694A}
		{4CF529BC-845A-4BB1-8742-48960DD305A3} = {185F9E09-24A5-4BD7-B77E-4DBA764A694A}
		{368D2320-48B1-4BBD-ACA9-4F0B8D34D065} = {185F9E09-24A5-4BD7-B77E-4DBA764A694A}
		{938317B0-D438-48DB-9A02-5C1F4552984F} = {185F9E09-24A5-4BD7-B77E-4DBA764A694A}
		{5903CB90-E888-4B98-8576-51DC6DE352A0} = {185F9E09-24A5-4BD7-B77E-4DBA764A694A}
		{BF8A0E01-A23F-4199-8269-2BB2E6CBFCA5} = {185F9E09-24A5-4BD7-B77E-4DBA764A694A}
		{2E7119A7-9960-4C95-AFA9-32480E10E936} = {185F9E09-24A5-4BD7-B77E-4DBA764A694A}
		{18CBC305-6838-4207-AB71-BCE20C294968} = {185F9E09-24A5-4BD7-B77E-4DBA764A694A}
		{4D84AF7A-315D-4F54-A756-468F1C6015E6} = {185F9E09-24A5-4BD7-B77E-4DBA764A694A}
		{749340B2-F221-4D5A-96F8-A38AC1AF5222} = {185F9E09-24A5-4BD7-B77E-4DBA764A694A}
		{D6E0F79F-FA0E-48E5-9281-5AD7CBA1C809} = {185F9E09-24A5-4BD7-B77E-4DBA764A694A}
		{C1B4FE46-2746-441C-B5E0-F7C103FCD2CC} = {185F9E09-24A5-4BD7-B77E-4DBA764A694A}
		{1BE2C42B-19CE-476C-AE40-08DA65EED915} = {185F9E09-24A5-4BD7-B77E-4DBA764A694A}
		{0A9E86CB-1F0C-4AB3-B7A5-1F797ECBD319} = {185F9E09-24A5-4BD7-B77E-4DBA764A694A}
		{30FDAF0C-AC8B-4CA3-95D2-A18072901D8D} = {185F9E09-24A5-4BD7-B77E-4DBA764A694A}
		{89816E83-348F-4428-A718-F822DC6E12C7} = {185F9E09-24A5-4BD7-B77E-4DBA764A694A}
		{2205F434-3A3B-41DD-B6A9-9F92A6E38B70} = {185F9E09-24A5-4BD7-B77E-4DBA764A694A}
	EndGlobalSection
	GlobalSection(ExtensibilityGlobals) = postSolution
		SolutionGuid = {DB3F2AF4-0935-4334-BB11-37EFAA390AE7}
	EndGlobalSection
EndGlobal
